
Microsoft Visual Studio Solution File, Format Version 11.00
# Visual Studio 2010
Project("{FAE04EC0-301F-11D3-BF4B-00C04F79EFBC}") = "cc3055-20-01-lab-unity-editor-val171001-master", "Assembly-CSharp.csproj", "{AF206692-9411-3C0F-48F9-1C90A923A349}"
EndProject
Global
	GlobalSection(SolutionConfigurationPlatforms) = preSolution
		Debug|Any CPU = Debug|Any CPU
		Release|Any CPU = Release|Any CPU
	EndGlobalSection
	GlobalSection(ProjectConfigurationPlatforms) = postSolution
		{AF206692-9411-3C0F-48F9-1C90A923A349}.Debug|Any CPU.ActiveCfg = Debug|Any CPU
		{AF206692-9411-3C0F-48F9-1C90A923A349}.Debug|Any CPU.Build.0 = Debug|Any CPU
		{AF206692-9411-3C0F-48F9-1C90A923A349}.Release|Any CPU.ActiveCfg = Release|Any CPU
		{AF206692-9411-3C0F-48F9-1C90A923A349}.Release|Any CPU.Build.0 = Release|Any CPU
	EndGlobalSection
	GlobalSection(SolutionProperties) = preSolution
		HideSolutionNode = FALSE
	EndGlobalSection
	GlobalSection(MonoDevelopProperties) = preSolution
		StartupItem = Assembly-CSharp.csproj
	EndGlobalSection
EndGlobal
